// !$*UTF8*$!
{
	archiveVersion = 1;
	classes = {
	};
	objectVersion = 50;
	objects = {

/* Begin PBXBuildFile section */
		B7B42EBA272923E800AA1D2D /* AppDelegate.swift in Sources */ = {isa = PBXBuildFile; fileRef = B7B42EB9272923E800AA1D2D /* AppDelegate.swift */; };
		B7B42EBC272923E800AA1D2D /* SceneDelegate.swift in Sources */ = {isa = PBXBuildFile; fileRef = B7B42EBB272923E800AA1D2D /* SceneDelegate.swift */; };
		B7B42EBE272923E800AA1D2D /* ViewController.swift in Sources */ = {isa = PBXBuildFile; fileRef = B7B42EBD272923E800AA1D2D /* ViewController.swift */; };
		B7B42EC1272923E800AA1D2D /* Main.storyboard in Resources */ = {isa = PBXBuildFile; fileRef = B7B42EBF272923E800AA1D2D /* Main.storyboard */; };
		B7B42EC3272923F700AA1D2D /* Assets.xcassets in Resources */ = {isa = PBXBuildFile; fileRef = B7B42EC2272923F700AA1D2D /* Assets.xcassets */; };
		B7B42EC6272923F700AA1D2D /* LaunchScreen.storyboard in Resources */ = {isa = PBXBuildFile; fileRef = B7B42EC4272923F700AA1D2D /* LaunchScreen.storyboard */; };
		B7B42ED02729311300AA1D2D /* AboutViewController.swift in Sources */ = {isa = PBXBuildFile; fileRef = B7B42ECF2729311300AA1D2D /* AboutViewController.swift */; };
		B7B42ED42729353800AA1D2D /* BullsEye.html in Resources */ = {isa = PBXBuildFile; fileRef = B7B42ED32729353800AA1D2D /* BullsEye.html */; };
		B7B42ED82729361900AA1D2D /* WebKit.framework in Frameworks */ = {isa = PBXBuildFile; fileRef = B7B42ED72729361900AA1D2D /* WebKit.framework */; };
		B7B42EDB2729444000AA1D2D /* HighScoresTableViewController.swift in Sources */ = {isa = PBXBuildFile; fileRef = B7B42EDA2729444000AA1D2D /* HighScoresTableViewController.swift */; };
		B7B42EDE27296D5B00AA1D2D /* HighScoreItem.swift in Sources */ = {isa = PBXBuildFile; fileRef = B7B42EDD27296D5B00AA1D2D /* HighScoreItem.swift */; };
		B7B42EE12729817000AA1D2D /* PersistencyHelper.swift in Sources */ = {isa = PBXBuildFile; fileRef = B7B42EE02729817000AA1D2D /* PersistencyHelper.swift */; };
		B7B42EE4272A85DE00AA1D2D /* EditHighScoreViewController.swift in Sources */ = {isa = PBXBuildFile; fileRef = B7B42EE3272A85DE00AA1D2D /* EditHighScoreViewController.swift */; };
		B7B42F86272FBEDE00AA1D2D /* analize.swift in Sources */ = {isa = PBXBuildFile; fileRef = B7B42F85272FBEDE00AA1D2D /* analize.swift */; };
/* End PBXBuildFile section */

/* Begin PBXFileReference section */
		B7B42EB6272923E800AA1D2D /* UIKitBullsey2.app */ = {isa = PBXFileReference; explicitFileType = wrapper.application; includeInIndex = 0; path = UIKitBullsey2.app; sourceTree = BUILT_PRODUCTS_DIR; };
		B7B42EB9272923E800AA1D2D /* AppDelegate.swift */ = {isa = PBXFileReference; lastKnownFileType = sourcecode.swift; path = AppDelegate.swift; sourceTree = "<group>"; };
		B7B42EBB272923E800AA1D2D /* SceneDelegate.swift */ = {isa = PBXFileReference; lastKnownFileType = sourcecode.swift; path = SceneDelegate.swift; sourceTree = "<group>"; };
		B7B42EBD272923E800AA1D2D /* ViewController.swift */ = {isa = PBXFileReference; lastKnownFileType = sourcecode.swift; path = ViewController.swift; sourceTree = "<group>"; };
		B7B42EC0272923E800AA1D2D /* Base */ = {isa = PBXFileReference; lastKnownFileType = file.storyboard; name = Base; path = Base.lproj/Main.storyboard; sourceTree = "<group>"; };
		B7B42EC2272923F700AA1D2D /* Assets.xcassets */ = {isa = PBXFileReference; lastKnownFileType = folder.assetcatalog; path = Assets.xcassets; sourceTree = "<group>"; };
		B7B42EC5272923F700AA1D2D /* Base */ = {isa = PBXFileReference; lastKnownFileType = file.storyboard; name = Base; path = Base.lproj/LaunchScreen.storyboard; sourceTree = "<group>"; };
		B7B42EC7272923F700AA1D2D /* Info.plist */ = {isa = PBXFileReference; lastKnownFileType = text.plist.xml; path = Info.plist; sourceTree = "<group>"; };
		B7B42ECF2729311300AA1D2D /* AboutViewController.swift */ = {isa = PBXFileReference; lastKnownFileType = sourcecode.swift; path = AboutViewController.swift; sourceTree = "<group>"; };
		B7B42ED32729353800AA1D2D /* BullsEye.html */ = {isa = PBXFileReference; fileEncoding = 4; lastKnownFileType = text.html; path = BullsEye.html; sourceTree = "<group>"; };
		B7B42ED72729361900AA1D2D /* WebKit.framework */ = {isa = PBXFileReference; lastKnownFileType = wrapper.framework; name = WebKit.framework; path = System/Library/Frameworks/WebKit.framework; sourceTree = SDKROOT; };
		B7B42EDA2729444000AA1D2D /* HighScoresTableViewController.swift */ = {isa = PBXFileReference; lastKnownFileType = sourcecode.swift; path = HighScoresTableViewController.swift; sourceTree = "<group>"; };
		B7B42EDD27296D5B00AA1D2D /* HighScoreItem.swift */ = {isa = PBXFileReference; lastKnownFileType = sourcecode.swift; path = HighScoreItem.swift; sourceTree = "<group>"; };
		B7B42EE02729817000AA1D2D /* PersistencyHelper.swift */ = {isa = PBXFileReference; lastKnownFileType = sourcecode.swift; path = PersistencyHelper.swift; sourceTree = "<group>"; };
		B7B42EE3272A85DE00AA1D2D /* EditHighScoreViewController.swift */ = {isa = PBXFileReference; lastKnownFileType = sourcecode.swift; path = EditHighScoreViewController.swift; sourceTree = "<group>"; };
		B7B42F85272FBEDE00AA1D2D /* analize.swift */ = {isa = PBXFileReference; lastKnownFileType = sourcecode.swift; path = analize.swift; sourceTree = "<group>"; };
/* End PBXFileReference section */

/* Begin PBXFrameworksBuildPhase section */
		B7B42EB3272923E800AA1D2D /* Frameworks */ = {
			isa = PBXFrameworksBuildPhase;
			buildActionMask = 2147483647;
			files = (
				B7B42ED82729361900AA1D2D /* WebKit.framework in Frameworks */,
			);
			runOnlyForDeploymentPostprocessing = 0;
		};
/* End PBXFrameworksBuildPhase section */

/* Begin PBXGroup section */
		B7B42EAD272923E800AA1D2D = {
			isa = PBXGroup;
			children = (
				B7B42EB8272923E800AA1D2D /* UIKitBullsey2 */,
				B7B42EB7272923E800AA1D2D /* Products */,
				B7B42ED62729361900AA1D2D /* Frameworks */,
			);
			sourceTree = "<group>";
		};
		B7B42EB7272923E800AA1D2D /* Products */ = {
			isa = PBXGroup;
			children = (
				B7B42EB6272923E800AA1D2D /* UIKitBullsey2.app */,
			);
			name = Products;
			sourceTree = "<group>";
		};
		B7B42EB8272923E800AA1D2D /* UIKitBullsey2 */ = {
			isa = PBXGroup;
			children = (
				B7B42ED32729353800AA1D2D /* BullsEye.html */,
				B7B42EB9272923E800AA1D2D /* AppDelegate.swift */,
				B7B42EBB272923E800AA1D2D /* SceneDelegate.swift */,
				B7B42EBD272923E800AA1D2D /* ViewController.swift */,
				B7B42EBF272923E800AA1D2D /* Main.storyboard */,
				B7B42EC2272923F700AA1D2D /* Assets.xcassets */,
				B7B42EC4272923F700AA1D2D /* LaunchScreen.storyboard */,
				B7B42EC7272923F700AA1D2D /* Info.plist */,
				B7B42ECF2729311300AA1D2D /* AboutViewController.swift */,
				B7B42EDA2729444000AA1D2D /* HighScoresTableViewController.swift */,
				B7B42EDD27296D5B00AA1D2D /* HighScoreItem.swift */,
				B7B42EE02729817000AA1D2D /* PersistencyHelper.swift */,
				B7B42EE3272A85DE00AA1D2D /* EditHighScoreViewController.swift */,
				B7B42F85272FBEDE00AA1D2D /* analize.swift */,
			);
			path = UIKitBullsey2;
			sourceTree = "<group>";
		};
		B7B42ED62729361900AA1D2D /* Frameworks */ = {
			isa = PBXGroup;
			children = (
				B7B42ED72729361900AA1D2D /* WebKit.framework */,
			);
			name = Frameworks;
			sourceTree = "<group>";
		};
/* End PBXGroup section */

/* Begin PBXNativeTarget section */
		B7B42EB5272923E800AA1D2D /* UIKitBullsey2 */ = {
			isa = PBXNativeTarget;
			buildConfigurationList = B7B42ECA272923F700AA1D2D /* Build configuration list for PBXNativeTarget "UIKitBullsey2" */;
			buildPhases = (
				B7B42EB2272923E800AA1D2D /* Sources */,
				B7B42EB3272923E800AA1D2D /* Frameworks */,
				B7B42EB4272923E800AA1D2D /* Resources */,
			);
			buildRules = (
			);
			dependencies = (
			);
			name = UIKitBullsey2;
			productName = UIKitBullsey2;
			productReference = B7B42EB6272923E800AA1D2D /* UIKitBullsey2.app */;
			productType = "com.apple.product-type.application";
		};
/* End PBXNativeTarget section */

/* Begin PBXProject section */
		B7B42EAE272923E800AA1D2D /* Project object */ = {
			isa = PBXProject;
			attributes = {
				LastSwiftUpdateCheck = 1240;
				LastUpgradeCheck = 1240;
				TargetAttributes = {
					B7B42EB5272923E800AA1D2D = {
						CreatedOnToolsVersion = 12.4;
					};
				};
			};
			buildConfigurationList = B7B42EB1272923E800AA1D2D /* Build configuration list for PBXProject "UIKitBullsey2" */;
			compatibilityVersion = "Xcode 9.3";
			developmentRegion = en;
			hasScannedForEncodings = 0;
			knownRegions = (
				en,
				Base,
			);
			mainGroup = B7B42EAD272923E800AA1D2D;
			productRefGroup = B7B42EB7272923E800AA1D2D /* Products */;
			projectDirPath = "";
			projectRoot = "";
			targets = (
				B7B42EB5272923E800AA1D2D /* UIKitBullsey2 */,
			);
		};
/* End PBXProject section */

/* Begin PBXResourcesBuildPhase section */
		B7B42EB4272923E800AA1D2D /* Resources */ = {
			isa = PBXResourcesBuildPhase;
			buildActionMask = 2147483647;
			files = (
				B7B42EC6272923F700AA1D2D /* LaunchScreen.storyboard in Resources */,
				B7B42ED42729353800AA1D2D /* BullsEye.html in Resources */,
				B7B42EC3272923F700AA1D2D /* Assets.xcassets in Resources */,
				B7B42EC1272923E800AA1D2D /* Main.storyboard in Resources */,
			);
			runOnlyForDeploymentPostprocessing = 0;
		};
/* End PBXResourcesBuildPhase section */

/* Begin PBXSourcesBuildPhase section */
		B7B42EB2272923E800AA1D2D /* Sources */ = {
			isa = PBXSourcesBuildPhase;
			buildActionMask = 2147483647;
			files = (
				B7B42EDB2729444000AA1D2D /* HighScoresTableViewController.swift in Sources */,
				B7B42EDE27296D5B00AA1D2D /* HighScoreItem.swift in Sources */,
				B7B42EE12729817000AA1D2D /* PersistencyHelper.swift in Sources */,
				B7B42EBE272923E800AA1D2D /* ViewController.swift in Sources */,
				B7B42EBA272923E800AA1D2D /* AppDelegate.swift in Sources */,
				B7B42ED02729311300AA1D2D /* AboutViewController.swift in Sources */,
				B7B42EBC272923E800AA1D2D /* SceneDelegate.swift in Sources */,
				B7B42EE4272A85DE00AA1D2D /* EditHighScoreViewController.swift in Sources */,
				B7B42F86272FBEDE00AA1D2D /* analize.swift in Sources */,
			);
			runOnlyForDeploymentPostprocessing = 0;
		};
/* End PBXSourcesBuildPhase section */

/* Begin PBXVariantGroup section */
		B7B42EBF272923E800AA1D2D /* Main.storyboard */ = {
			isa = PBXVariantGroup;
			children = (
				B7B42EC0272923E800AA1D2D /* Base */,
			);
			name = Main.storyboard;
			sourceTree = "<group>";
		};
		B7B42EC4272923F700AA1D2D /* LaunchScreen.storyboard */ = {
			isa = PBXVariantGroup;
			children = (
				B7B42EC5272923F700AA1D2D /* Base */,
			);
			name = LaunchScreen.storyboard;
			sourceTree = "<group>";
		};
/* End PBXVariantGroup section */

/* Begin XCBuildConfiguration section */
		B7B42EC8272923F700AA1D2D /* Debug */ = {
			isa = XCBuildConfiguration;
			buildSettings = {
				ALWAYS_SEARCH_USER_PATHS = NO;
				CLANG_ANALYZER_NONNULL = YES;
				CLANG_ANALYZER_NUMBER_OBJECT_CONVERSION = YES_AGGRESSIVE;
				CLANG_CXX_LANGUAGE_STANDARD = "gnu++14";
				CLANG_CXX_LIBRARY = "libc++";
				CLANG_ENABLE_MODULES = YES;
				CLANG_ENABLE_OBJC_ARC = YES;
				CLANG_ENABLE_OBJC_WEAK = YES;
				CLANG_WARN_BLOCK_CAPTURE_AUTORELEASING = YES;
				CLANG_WARN_BOOL_CONVERSION = YES;
				CLANG_WARN_COMMA = YES;
				CLANG_WARN_CONSTANT_CONVERSION = YES;
				CLANG_WARN_DEPRECATED_OBJC_IMPLEMENTATIONS = YES;
				CLANG_WARN_DIRECT_OBJC_ISA_USAGE = YES_ERROR;
				CLANG_WARN_DOCUMENTATION_COMMENTS = YES;
				CLANG_WARN_EMPTY_BODY = YES;
				CLANG_WARN_ENUM_CONVERSION = YES;
				CLANG_WARN_INFINITE_RECURSION = YES;
				CLANG_WARN_INT_CONVERSION = YES;
				CLANG_WARN_NON_LITERAL_NULL_CONVERSION = YES;
				CLANG_WARN_OBJC_IMPLICIT_RETAIN_SELF = YES;
				CLANG_WARN_OBJC_LITERAL_CONVERSION = YES;
				CLANG_WARN_OBJC_ROOT_CLASS = YES_ERROR;
				CLANG_WARN_QUOTED_INCLUDE_IN_FRAMEWORK_HEADER = YES;
				CLANG_WARN_RANGE_LOOP_ANALYSIS = YES;
				CLANG_WARN_STRICT_PROTOTYPES = YES;
				CLANG_WARN_SUSPICIOUS_MOVE = YES;
				CLANG_WARN_UNGUARDED_AVAILABILITY = YES_AGGRESSIVE;
				CLANG_WARN_UNREACHABLE_CODE = YES;
				CLANG_WARN__DUPLICATE_METHOD_MATCH = YES;
				COPY_PHASE_STRIP = NO;
				DEBUG_INFORMATION_FORMAT = dwarf;
				ENABLE_STRICT_OBJC_MSGSEND = YES;
				ENABLE_TESTABILITY = YES;
				GCC_C_LANGUAGE_STANDARD = gnu11;
				GCC_DYNAMIC_NO_PIC = NO;
				GCC_NO_COMMON_BLOCKS = YES;
				GCC_OPTIMIZATION_LEVEL = 0;
				GCC_PREPROCESSOR_DEFINITIONS = (
					"DEBUG=1",
					"$(inherited)",
				);
				GCC_WARN_64_TO_32_BIT_CONVERSION = YES;
				GCC_WARN_ABOUT_RETURN_TYPE = YES_ERROR;
				GCC_WARN_UNDECLARED_SELECTOR = YES;
				GCC_WARN_UNINITIALIZED_AUTOS = YES_AGGRESSIVE;
				GCC_WARN_UNUSED_FUNCTION = YES;
				GCC_WARN_UNUSED_VARIABLE = YES;
				IPHONEOS_DEPLOYMENT_TARGET = 14.4;
				MTL_ENABLE_DEBUG_INFO = INCLUDE_SOURCE;
				MTL_FAST_MATH = YES;
				ONLY_ACTIVE_ARCH = YES;
				SDKROOT = iphoneos;
				SWIFT_ACTIVE_COMPILATION_CONDITIONS = DEBUG;
				SWIFT_OPTIMIZATION_LEVEL = "-Onone";
			};
			name = Debug;
		};
		B7B42EC9272923F700AA1D2D /* Release */ = {
			isa = XCBuildConfiguration;
			buildSettings = {
				ALWAYS_SEARCH_USER_PATHS = NO;
				CLANG_ANALYZER_NONNULL = YES;
				CLANG_ANALYZER_NUMBER_OBJECT_CONVERSION = YES_AGGRESSIVE;
				CLANG_CXX_LANGUAGE_STANDARD = "gnu++14";
				CLANG_CXX_LIBRARY = "libc++";
				CLANG_ENABLE_MODULES = YES;
				CLANG_ENABLE_OBJC_ARC = YES;
				CLANG_ENABLE_OBJC_WEAK = YES;
				CLANG_WARN_BLOCK_CAPTURE_AUTORELEASING = YES;
				CLANG_WARN_BOOL_CONVERSION = YES;
				CLANG_WARN_COMMA = YES;
				CLANG_WARN_CONSTANT_CONVERSION = YES;
				CLANG_WARN_DEPRECATED_OBJC_IMPLEMENTATIONS = YES;
				CLANG_WARN_DIRECT_OBJC_ISA_USAGE = YES_ERROR;
				CLANG_WARN_DOCUMENTATION_COMMENTS = YES;
				CLANG_WARN_EMPTY_BODY = YES;
				CLANG_WARN_ENUM_CONVERSION = YES;
				CLANG_WARN_INFINITE_RECURSION = YES;
				CLANG_WARN_INT_CONVERSION = YES;
				CLANG_WARN_NON_LITERAL_NULL_CONVERSION = YES;
				CLANG_WARN_OBJC_IMPLICIT_RETAIN_SELF = YES;
				CLANG_WARN_OBJC_LITERAL_CONVERSION = YES;
				CLANG_WARN_OBJC_ROOT_CLASS = YES_ERROR;
				CLANG_WARN_QUOTED_INCLUDE_IN_FRAMEWORK_HEADER = YES;
				CLANG_WARN_RANGE_LOOP_ANALYSIS = YES;
				CLANG_WARN_STRICT_PROTOTYPES = YES;
				CLANG_WARN_SUSPICIOUS_MOVE = YES;
				CLANG_WARN_UNGUARDED_AVAILABILITY = YES_AGGRESSIVE;
				CLANG_WARN_UNREACHABLE_CODE = YES;
				CLANG_WARN__DUPLICATE_METHOD_MATCH = YES;
				COPY_PHASE_STRIP = NO;
				DEBUG_INFORMATION_FORMAT = "dwarf-with-dsym";
				ENABLE_NS_ASSERTIONS = NO;
				ENABLE_STRICT_OBJC_MSGSEND = YES;
				GCC_C_LANGUAGE_STANDARD = gnu11;
				GCC_NO_COMMON_BLOCKS = YES;
				GCC_WARN_64_TO_32_BIT_CONVERSION = YES;
				GCC_WARN_ABOUT_RETURN_TYPE = YES_ERROR;
				GCC_WARN_UNDECLARED_SELECTOR = YES;
				GCC_WARN_UNINITIALIZED_AUTOS = YES_AGGRESSIVE;
				GCC_WARN_UNUSED_FUNCTION = YES;
				GCC_WARN_UNUSED_VARIABLE = YES;
				IPHONEOS_DEPLOYMENT_TARGET = 14.4;
				MTL_ENABLE_DEBUG_INFO = NO;
				MTL_FAST_MATH = YES;
				SDKROOT = iphoneos;
				SWIFT_COMPILATION_MODE = wholemodule;
				SWIFT_OPTIMIZATION_LEVEL = "-O";
				VALIDATE_PRODUCT = YES;
			};
			name = Release;
		};
		B7B42ECB272923F700AA1D2D /* Debug */ = {
			isa = XCBuildConfiguration;
			buildSettings = {
				ASSETCATALOG_COMPILER_APPICON_NAME = AppIcon;
				ASSETCATALOG_COMPILER_GLOBAL_ACCENT_COLOR_NAME = AccentColor;
				CODE_SIGN_STYLE = Automatic;
				INFOPLIST_FILE = UIKitBullsey2/Info.plist;
				LD_RUNPATH_SEARCH_PATHS = (
					"$(inherited)",
					"@executable_path/Frameworks",
				);
				PRODUCT_BUNDLE_IDENTIFIER = ge.home.UIKitBullsey2;
				PRODUCT_NAME = "$(TARGET_NAME)";
				SWIFT_VERSION = 5.0;
				TARGETED_DEVICE_FAMILY = "1,2";
			};
			name = Debug;
		};
		B7B42ECC272923F700AA1D2D /* Release */ = {
			isa = XCBuildConfiguration;
			buildSettings = {
				ASSETCATALOG_COMPILER_APPICON_NAME = AppIcon;
				ASSETCATALOG_COMPILER_GLOBAL_ACCENT_COLOR_NAME = AccentColor;
				CODE_SIGN_STYLE = Automatic;
				INFOPLIST_FILE = UIKitBullsey2/Info.plist;
				LD_RUNPATH_SEARCH_PATHS = (
					"$(inherited)",
					"@executable_path/Frameworks",
				);
				PRODUCT_BUNDLE_IDENTIFIER = ge.home.UIKitBullsey2;
				PRODUCT_NAME = "$(TARGET_NAME)";
				SWIFT_VERSION = 5.0;
				TARGETED_DEVICE_FAMILY = "1,2";
			};
			name = Release;
		};
/* End XCBuildConfiguration section */

/* Begin XCConfigurationList section */
		B7B42EB1272923E800AA1D2D /* Build configuration list for PBXProject "UIKitBullsey2" */ = {
			isa = XCConfigurationList;
			buildConfigurations = (
				B7B42EC8272923F700AA1D2D /* Debug */,
				B7B42EC9272923F700AA1D2D /* Release */,
			);
			defaultConfigurationIsVisible = 0;
			defaultConfigurationName = Release;
		};
		B7B42ECA272923F700AA1D2D /* Build configuration list for PBXNativeTarget "UIKitBullsey2" */ = {
			isa = XCConfigurationList;
			buildConfigurations = (
				B7B42ECB272923F700AA1D2D /* Debug */,
				B7B42ECC272923F700AA1D2D /* Release */,
			);
			defaultConfigurationIsVisible = 0;
			defaultConfigurationName = Release;
		};
/* End XCConfigurationList section */
	};
	rootObject = B7B42EAE272923E800AA1D2D /* Project object */;
}
